
Microsoft Visual Studio Solution File, Format Version 12.00
# Visual Studio Version 16
VisualStudioVersion = 16.0.29709.97
MinimumVisualStudioVersion = 10.0.40219.1
Project("{FAE04EC0-301F-11D3-BF4B-00C04F79EFBC}") = "Cedric.Breeding", "Cedric.Breeding\Cedric.Breeding.csproj", "{7659FF98-7DFF-40AF-8B04-E362DD8EB1CC}"
EndProject
Global
	GlobalSection(SolutionConfigurationPlatforms) = preSolution
		Debug|Any CPU = Debug|Any CPU
		Release|Any CPU = Release|Any CPU
	EndGlobalSection
	GlobalSection(ProjectConfigurationPlatforms) = postSolution
		{7659FF98-7DFF-40AF-8B04-E362DD8EB1CC}.Debug|Any CPU.ActiveCfg = Debug|Any CPU
		{7659FF98-7DFF-40AF-8B04-E362DD8EB1CC}.Debug|Any CPU.Build.0 = Debug|Any CPU
		{7659FF98-7DFF-40AF-8B04-E362DD8EB1CC}.Release|Any CPU.ActiveCfg = Release|Any CPU
		{7659FF98-7DFF-40AF-8B04-E362DD8EB1CC}.Release|Any CPU.Build.0 = Release|Any CPU
	EndGlobalSection
	GlobalSection(SolutionProperties) = preSolution
		HideSolutionNode = FALSE
	EndGlobalSection
	GlobalSection(ExtensibilityGlobals) = postSolution
		SolutionGuid = {DAD1F687-9C94-4B30-9F58-EF348D51ABBA}
	EndGlobalSection
EndGlobal
